// !$*UTF8*$!
{
	archiveVersion = 1;
	classes = {
	};
	objectVersion = 56;
	objects = {

/* Begin PBXBuildFile section */
		0B2ECC952B296DCF00F74397 /* AnyangMealWatchApp.swift in Sources */ = {isa = PBXBuildFile; fileRef = 0B2ECC942B296DCF00F74397 /* AnyangMealWatchApp.swift */; };
		0B2ECC972B296DCF00F74397 /* ContentView.swift in Sources */ = {isa = PBXBuildFile; fileRef = 0B2ECC962B296DCF00F74397 /* ContentView.swift */; };
		0B2ECC992B296DD100F74397 /* Assets.xcassets in Resources */ = {isa = PBXBuildFile; fileRef = 0B2ECC982B296DD100F74397 /* Assets.xcassets */; };
		0B2ECC9C2B296DD100F74397 /* Preview Assets.xcassets in Resources */ = {isa = PBXBuildFile; fileRef = 0B2ECC9B2B296DD100F74397 /* Preview Assets.xcassets */; };
		0B2ECC9F2B296DD100F74397 /* AnyangMealWatch Watch App.app in Embed Watch Content */ = {isa = PBXBuildFile; fileRef = 0B2ECC922B296DCF00F74397 /* AnyangMealWatch Watch App.app */; settings = {ATTRIBUTES = (RemoveHeadersOnCopy, ); }; };
		0B2ECCA42B296DE900F74397 /* ViewModel.swift in Sources */ = {isa = PBXBuildFile; fileRef = 0BC558F02AE95D3A00A2BAFE /* ViewModel.swift */; };
		0B8EE9802B95E3A00054FA50 /* APIRequestManager.swift in Sources */ = {isa = PBXBuildFile; fileRef = 0B8EE97F2B95E3A00054FA50 /* APIRequestManager.swift */; };
		0B8EE9832B95EC630054FA50 /* MealModel.swift in Sources */ = {isa = PBXBuildFile; fileRef = 0B8EE9822B95EC630054FA50 /* MealModel.swift */; };
		0B8EE9842B95F2D00054FA50 /* MealModel.swift in Sources */ = {isa = PBXBuildFile; fileRef = 0B8EE9822B95EC630054FA50 /* MealModel.swift */; };
		0B8EE9852B95F2DD0054FA50 /* APIRequestManager.swift in Sources */ = {isa = PBXBuildFile; fileRef = 0B8EE97F2B95E3A00054FA50 /* APIRequestManager.swift */; };
		0B8EE9862B95F3090054FA50 /* AnyangMealURLS.swift in Sources */ = {isa = PBXBuildFile; fileRef = 0BB6C1212B73661800D93950 /* AnyangMealURLS.swift */; };
		0B9C02ED2AB44A10002A8FD3 /* AnyangMealApp.swift in Sources */ = {isa = PBXBuildFile; fileRef = 0B9C02EC2AB44A10002A8FD3 /* AnyangMealApp.swift */; };
		0B9C02EF2AB44A10002A8FD3 /* MainView.swift in Sources */ = {isa = PBXBuildFile; fileRef = 0B9C02EE2AB44A10002A8FD3 /* MainView.swift */; };
		0B9C02F12AB44A11002A8FD3 /* Assets.xcassets in Resources */ = {isa = PBXBuildFile; fileRef = 0B9C02F02AB44A11002A8FD3 /* Assets.xcassets */; };
		0B9C02F42AB44A11002A8FD3 /* Preview Assets.xcassets in Resources */ = {isa = PBXBuildFile; fileRef = 0B9C02F32AB44A11002A8FD3 /* Preview Assets.xcassets */; };
		0B9C02FE2AB4BC54002A8FD3 /* InfoView.swift in Sources */ = {isa = PBXBuildFile; fileRef = 0B9C02FD2AB4BC54002A8FD3 /* InfoView.swift */; };
		0BB6C1162B7361A500D93950 /* View+Extension.swift in Sources */ = {isa = PBXBuildFile; fileRef = 0BB6C1152B7361A500D93950 /* View+Extension.swift */; };
		0BB6C1172B7361BF00D93950 /* View+Extension.swift in Sources */ = {isa = PBXBuildFile; fileRef = 0BB6C1152B7361A500D93950 /* View+Extension.swift */; };
		0BB6C11C2B73659000D93950 /* Alamofire in Frameworks */ = {isa = PBXBuildFile; productRef = 0BB6C11B2B73659000D93950 /* Alamofire */; };
		0BB6C11E2B7365CB00D93950 /* Alamofire in Frameworks */ = {isa = PBXBuildFile; productRef = 0BB6C11D2B7365CB00D93950 /* Alamofire */; };
		0BB6C1222B73661800D93950 /* AnyangMealURLS.swift in Sources */ = {isa = PBXBuildFile; fileRef = 0BB6C1212B73661800D93950 /* AnyangMealURLS.swift */; };
		0BC558F12AE95D3A00A2BAFE /* ViewModel.swift in Sources */ = {isa = PBXBuildFile; fileRef = 0BC558F02AE95D3A00A2BAFE /* ViewModel.swift */; };
/* End PBXBuildFile section */

/* Begin PBXContainerItemProxy section */
		0B2ECC9D2B296DD100F74397 /* PBXContainerItemProxy */ = {
			isa = PBXContainerItemProxy;
			containerPortal = 0B9C02E12AB44A10002A8FD3 /* Project object */;
			proxyType = 1;
			remoteGlobalIDString = 0B2ECC912B296DCF00F74397;
			remoteInfo = "AnyangMealWatch Watch App";
		};
/* End PBXContainerItemProxy section */

/* Begin PBXCopyFilesBuildPhase section */
		0B2ECCA32B296DD100F74397 /* Embed Watch Content */ = {
			isa = PBXCopyFilesBuildPhase;
			buildActionMask = 2147483647;
			dstPath = "$(CONTENTS_FOLDER_PATH)/Watch";
			dstSubfolderSpec = 16;
			files = (
				0B2ECC9F2B296DD100F74397 /* AnyangMealWatch Watch App.app in Embed Watch Content */,
			);
			name = "Embed Watch Content";
			runOnlyForDeploymentPostprocessing = 0;
		};
		0B3A859D2AB6E31300BDF11E /* Embed Foundation Extensions */ = {
			isa = PBXCopyFilesBuildPhase;
			buildActionMask = 2147483647;
			dstPath = "";
			dstSubfolderSpec = 13;
			files = (
			);
			name = "Embed Foundation Extensions";
			runOnlyForDeploymentPostprocessing = 0;
		};
/* End PBXCopyFilesBuildPhase section */

/* Begin PBXFileReference section */
		0B2ECC922B296DCF00F74397 /* AnyangMealWatch Watch App.app */ = {isa = PBXFileReference; explicitFileType = wrapper.application; includeInIndex = 0; path = "AnyangMealWatch Watch App.app"; sourceTree = BUILT_PRODUCTS_DIR; };
		0B2ECC942B296DCF00F74397 /* AnyangMealWatchApp.swift */ = {isa = PBXFileReference; lastKnownFileType = sourcecode.swift; path = AnyangMealWatchApp.swift; sourceTree = "<group>"; };
		0B2ECC962B296DCF00F74397 /* ContentView.swift */ = {isa = PBXFileReference; lastKnownFileType = sourcecode.swift; path = ContentView.swift; sourceTree = "<group>"; };
		0B2ECC982B296DD100F74397 /* Assets.xcassets */ = {isa = PBXFileReference; lastKnownFileType = folder.assetcatalog; path = Assets.xcassets; sourceTree = "<group>"; };
		0B2ECC9B2B296DD100F74397 /* Preview Assets.xcassets */ = {isa = PBXFileReference; lastKnownFileType = folder.assetcatalog; path = "Preview Assets.xcassets"; sourceTree = "<group>"; };
		0B2ECCA52B29753000F74397 /* AnyangMealWatch Watch App.entitlements */ = {isa = PBXFileReference; lastKnownFileType = text.plist.entitlements; path = "AnyangMealWatch Watch App.entitlements"; sourceTree = "<group>"; };
		0B3A85A12AB6E34A00BDF11E /* AnyangMeal.entitlements */ = {isa = PBXFileReference; lastKnownFileType = text.plist.entitlements; path = AnyangMeal.entitlements; sourceTree = "<group>"; };
		0B8EE97F2B95E3A00054FA50 /* APIRequestManager.swift */ = {isa = PBXFileReference; lastKnownFileType = sourcecode.swift; path = APIRequestManager.swift; sourceTree = "<group>"; };
		0B8EE9822B95EC630054FA50 /* MealModel.swift */ = {isa = PBXFileReference; lastKnownFileType = sourcecode.swift; path = MealModel.swift; sourceTree = "<group>"; };
		0B9C02E92AB44A10002A8FD3 /* AnyangMeal.app */ = {isa = PBXFileReference; explicitFileType = wrapper.application; includeInIndex = 0; path = AnyangMeal.app; sourceTree = BUILT_PRODUCTS_DIR; };
		0B9C02EC2AB44A10002A8FD3 /* AnyangMealApp.swift */ = {isa = PBXFileReference; lastKnownFileType = sourcecode.swift; path = AnyangMealApp.swift; sourceTree = "<group>"; };
		0B9C02EE2AB44A10002A8FD3 /* MainView.swift */ = {isa = PBXFileReference; lastKnownFileType = sourcecode.swift; path = MainView.swift; sourceTree = "<group>"; };
		0B9C02F02AB44A11002A8FD3 /* Assets.xcassets */ = {isa = PBXFileReference; lastKnownFileType = folder.assetcatalog; path = Assets.xcassets; sourceTree = "<group>"; };
		0B9C02F32AB44A11002A8FD3 /* Preview Assets.xcassets */ = {isa = PBXFileReference; lastKnownFileType = folder.assetcatalog; path = "Preview Assets.xcassets"; sourceTree = "<group>"; };
		0B9C02FD2AB4BC54002A8FD3 /* InfoView.swift */ = {isa = PBXFileReference; lastKnownFileType = sourcecode.swift; path = InfoView.swift; sourceTree = "<group>"; };
		0BB6C1152B7361A500D93950 /* View+Extension.swift */ = {isa = PBXFileReference; lastKnownFileType = sourcecode.swift; path = "View+Extension.swift"; sourceTree = "<group>"; };
		0BB6C1212B73661800D93950 /* AnyangMealURLS.swift */ = {isa = PBXFileReference; lastKnownFileType = sourcecode.swift; path = AnyangMealURLS.swift; sourceTree = "<group>"; };
		0BC558F02AE95D3A00A2BAFE /* ViewModel.swift */ = {isa = PBXFileReference; lastKnownFileType = sourcecode.swift; path = ViewModel.swift; sourceTree = "<group>"; };
/* End PBXFileReference section */

/* Begin PBXFrameworksBuildPhase section */
		0B2ECC8F2B296DCF00F74397 /* Frameworks */ = {
			isa = PBXFrameworksBuildPhase;
			buildActionMask = 2147483647;
			files = (
				0BB6C11E2B7365CB00D93950 /* Alamofire in Frameworks */,
			);
			runOnlyForDeploymentPostprocessing = 0;
		};
		0B9C02E62AB44A10002A8FD3 /* Frameworks */ = {
			isa = PBXFrameworksBuildPhase;
			buildActionMask = 2147483647;
			files = (
				0BB6C11C2B73659000D93950 /* Alamofire in Frameworks */,
			);
			runOnlyForDeploymentPostprocessing = 0;
		};
/* End PBXFrameworksBuildPhase section */

/* Begin PBXGroup section */
		0B2ECC932B296DCF00F74397 /* AnyangMealWatch Watch App */ = {
			isa = PBXGroup;
			children = (
				0B2ECCA52B29753000F74397 /* AnyangMealWatch Watch App.entitlements */,
				0B2ECC942B296DCF00F74397 /* AnyangMealWatchApp.swift */,
				0B2ECC962B296DCF00F74397 /* ContentView.swift */,
				0B2ECC982B296DD100F74397 /* Assets.xcassets */,
				0B2ECC9A2B296DD100F74397 /* Preview Content */,
			);
			path = "AnyangMealWatch Watch App";
			sourceTree = "<group>";
		};
		0B2ECC9A2B296DD100F74397 /* Preview Content */ = {
			isa = PBXGroup;
			children = (
				0B2ECC9B2B296DD100F74397 /* Preview Assets.xcassets */,
			);
			path = "Preview Content";
			sourceTree = "<group>";
		};
		0B8EE9812B95EC5A0054FA50 /* Model */ = {
			isa = PBXGroup;
			children = (
				0B8EE9822B95EC630054FA50 /* MealModel.swift */,
			);
			path = Model;
			sourceTree = "<group>";
		};
		0B9C02E02AB44A10002A8FD3 = {
			isa = PBXGroup;
			children = (
				0B9C02EB2AB44A10002A8FD3 /* AnyangMeal */,
				0B2ECC932B296DCF00F74397 /* AnyangMealWatch Watch App */,
				0B9C02EA2AB44A10002A8FD3 /* Products */,
			);
			sourceTree = "<group>";
		};
		0B9C02EA2AB44A10002A8FD3 /* Products */ = {
			isa = PBXGroup;
			children = (
				0B9C02E92AB44A10002A8FD3 /* AnyangMeal.app */,
				0B2ECC922B296DCF00F74397 /* AnyangMealWatch Watch App.app */,
			);
			name = Products;
			sourceTree = "<group>";
		};
		0B9C02EB2AB44A10002A8FD3 /* AnyangMeal */ = {
			isa = PBXGroup;
			children = (
				0B8EE9812B95EC5A0054FA50 /* Model */,
				0BB6C1192B73657C00D93950 /* Service */,
				0BB6C1142B73619300D93950 /* Extension */,
				0BC558EB2AE95CD000A2BAFE /* View */,
				0B3A85A12AB6E34A00BDF11E /* AnyangMeal.entitlements */,
				0B9C02EC2AB44A10002A8FD3 /* AnyangMealApp.swift */,
				0B9C02F02AB44A11002A8FD3 /* Assets.xcassets */,
				0B9C02F22AB44A11002A8FD3 /* Preview Content */,
			);
			path = AnyangMeal;
			sourceTree = "<group>";
		};
		0B9C02F22AB44A11002A8FD3 /* Preview Content */ = {
			isa = PBXGroup;
			children = (
				0B9C02F32AB44A11002A8FD3 /* Preview Assets.xcassets */,
			);
			path = "Preview Content";
			sourceTree = "<group>";
		};
		0BB6C1142B73619300D93950 /* Extension */ = {
			isa = PBXGroup;
			children = (
				0BB6C1152B7361A500D93950 /* View+Extension.swift */,
			);
			path = Extension;
			sourceTree = "<group>";
		};
		0BB6C1192B73657C00D93950 /* Service */ = {
			isa = PBXGroup;
			children = (
				0BB6C1212B73661800D93950 /* AnyangMealURLS.swift */,
				0B8EE97F2B95E3A00054FA50 /* APIRequestManager.swift */,
			);
			path = Service;
			sourceTree = "<group>";
		};
		0BC558EB2AE95CD000A2BAFE /* View */ = {
			isa = PBXGroup;
			children = (
				0BC558ED2AE95D1500A2BAFE /* MainView */,
				0BC558EC2AE95D0F00A2BAFE /* InfoView */,
			);
			path = View;
			sourceTree = "<group>";
		};
		0BC558EC2AE95D0F00A2BAFE /* InfoView */ = {
			isa = PBXGroup;
			children = (
				0BC558F32AE95D4400A2BAFE /* View */,
			);
			path = InfoView;
			sourceTree = "<group>";
		};
		0BC558ED2AE95D1500A2BAFE /* MainView */ = {
			isa = PBXGroup;
			children = (
				0BC558EF2AE95D2600A2BAFE /* View */,
				0BC558EE2AE95D1D00A2BAFE /* ViewModel */,
			);
			path = MainView;
			sourceTree = "<group>";
		};
		0BC558EE2AE95D1D00A2BAFE /* ViewModel */ = {
			isa = PBXGroup;
			children = (
				0BC558F02AE95D3A00A2BAFE /* ViewModel.swift */,
			);
			path = ViewModel;
			sourceTree = "<group>";
		};
		0BC558EF2AE95D2600A2BAFE /* View */ = {
			isa = PBXGroup;
			children = (
				0B9C02EE2AB44A10002A8FD3 /* MainView.swift */,
			);
			path = View;
			sourceTree = "<group>";
		};
		0BC558F32AE95D4400A2BAFE /* View */ = {
			isa = PBXGroup;
			children = (
				0B9C02FD2AB4BC54002A8FD3 /* InfoView.swift */,
			);
			path = View;
			sourceTree = "<group>";
		};
/* End PBXGroup section */

/* Begin PBXNativeTarget section */
		0B2ECC912B296DCF00F74397 /* AnyangMealWatch Watch App */ = {
			isa = PBXNativeTarget;
			buildConfigurationList = 0B2ECCA02B296DD100F74397 /* Build configuration list for PBXNativeTarget "AnyangMealWatch Watch App" */;
			buildPhases = (
				0B2ECC8E2B296DCF00F74397 /* Sources */,
				0B2ECC8F2B296DCF00F74397 /* Frameworks */,
				0B2ECC902B296DCF00F74397 /* Resources */,
			);
			buildRules = (
			);
			dependencies = (
			);
			name = "AnyangMealWatch Watch App";
			packageProductDependencies = (
				0BB6C11D2B7365CB00D93950 /* Alamofire */,
			);
			productName = "AnyangMealWatch Watch App";
			productReference = 0B2ECC922B296DCF00F74397 /* AnyangMealWatch Watch App.app */;
			productType = "com.apple.product-type.application";
		};
		0B9C02E82AB44A10002A8FD3 /* AnyangMeal */ = {
			isa = PBXNativeTarget;
			buildConfigurationList = 0B9C02F72AB44A11002A8FD3 /* Build configuration list for PBXNativeTarget "AnyangMeal" */;
			buildPhases = (
				0B9C02E52AB44A10002A8FD3 /* Sources */,
				0B9C02E62AB44A10002A8FD3 /* Frameworks */,
				0B9C02E72AB44A10002A8FD3 /* Resources */,
				0B3A859D2AB6E31300BDF11E /* Embed Foundation Extensions */,
				0B2ECCA32B296DD100F74397 /* Embed Watch Content */,
			);
			buildRules = (
			);
			dependencies = (
				0B2ECC9E2B296DD100F74397 /* PBXTargetDependency */,
			);
			name = AnyangMeal;
			packageProductDependencies = (
				0BB6C11B2B73659000D93950 /* Alamofire */,
			);
			productName = AnyangMeal;
			productReference = 0B9C02E92AB44A10002A8FD3 /* AnyangMeal.app */;
			productType = "com.apple.product-type.application";
		};
/* End PBXNativeTarget section */

/* Begin PBXProject section */
		0B9C02E12AB44A10002A8FD3 /* Project object */ = {
			isa = PBXProject;
			attributes = {
				BuildIndependentTargetsInParallel = 1;
				LastSwiftUpdateCheck = 1510;
				LastUpgradeCheck = 1520;
				TargetAttributes = {
					0B2ECC912B296DCF00F74397 = {
						CreatedOnToolsVersion = 15.1;
					};
					0B9C02E82AB44A10002A8FD3 = {
						CreatedOnToolsVersion = 14.3.1;
					};
				};
			};
			buildConfigurationList = 0B9C02E42AB44A10002A8FD3 /* Build configuration list for PBXProject "AnyangMeal" */;
			compatibilityVersion = "Xcode 14.0";
			developmentRegion = en;
			hasScannedForEncodings = 0;
			knownRegions = (
				en,
				Base,
			);
			mainGroup = 0B9C02E02AB44A10002A8FD3;
			packageReferences = (
				0BB6C11A2B73659000D93950 /* XCRemoteSwiftPackageReference "Alamofire" */,
			);
			productRefGroup = 0B9C02EA2AB44A10002A8FD3 /* Products */;
			projectDirPath = "";
			projectRoot = "";
			targets = (
				0B9C02E82AB44A10002A8FD3 /* AnyangMeal */,
				0B2ECC912B296DCF00F74397 /* AnyangMealWatch Watch App */,
			);
		};
/* End PBXProject section */

/* Begin PBXResourcesBuildPhase section */
		0B2ECC902B296DCF00F74397 /* Resources */ = {
			isa = PBXResourcesBuildPhase;
			buildActionMask = 2147483647;
			files = (
				0B2ECC9C2B296DD100F74397 /* Preview Assets.xcassets in Resources */,
				0B2ECC992B296DD100F74397 /* Assets.xcassets in Resources */,
			);
			runOnlyForDeploymentPostprocessing = 0;
		};
		0B9C02E72AB44A10002A8FD3 /* Resources */ = {
			isa = PBXResourcesBuildPhase;
			buildActionMask = 2147483647;
			files = (
				0B9C02F42AB44A11002A8FD3 /* Preview Assets.xcassets in Resources */,
				0B9C02F12AB44A11002A8FD3 /* Assets.xcassets in Resources */,
			);
			runOnlyForDeploymentPostprocessing = 0;
		};
/* End PBXResourcesBuildPhase section */

/* Begin PBXSourcesBuildPhase section */
		0B2ECC8E2B296DCF00F74397 /* Sources */ = {
			isa = PBXSourcesBuildPhase;
			buildActionMask = 2147483647;
			files = (
				0B8EE9852B95F2DD0054FA50 /* APIRequestManager.swift in Sources */,
				0B8EE9862B95F3090054FA50 /* AnyangMealURLS.swift in Sources */,
				0B8EE9842B95F2D00054FA50 /* MealModel.swift in Sources */,
				0B2ECC972B296DCF00F74397 /* ContentView.swift in Sources */,
				0B2ECCA42B296DE900F74397 /* ViewModel.swift in Sources */,
				0BB6C1172B7361BF00D93950 /* View+Extension.swift in Sources */,
				0B2ECC952B296DCF00F74397 /* AnyangMealWatchApp.swift in Sources */,
			);
			runOnlyForDeploymentPostprocessing = 0;
		};
		0B9C02E52AB44A10002A8FD3 /* Sources */ = {
			isa = PBXSourcesBuildPhase;
			buildActionMask = 2147483647;
			files = (
				0B8EE9802B95E3A00054FA50 /* APIRequestManager.swift in Sources */,
				0BB6C1222B73661800D93950 /* AnyangMealURLS.swift in Sources */,
				0B8EE9832B95EC630054FA50 /* MealModel.swift in Sources */,
				0B9C02EF2AB44A10002A8FD3 /* MainView.swift in Sources */,
				0B9C02FE2AB4BC54002A8FD3 /* InfoView.swift in Sources */,
				0BB6C1162B7361A500D93950 /* View+Extension.swift in Sources */,
				0B9C02ED2AB44A10002A8FD3 /* AnyangMealApp.swift in Sources */,
				0BC558F12AE95D3A00A2BAFE /* ViewModel.swift in Sources */,
			);
			runOnlyForDeploymentPostprocessing = 0;
		};
/* End PBXSourcesBuildPhase section */

/* Begin PBXTargetDependency section */
		0B2ECC9E2B296DD100F74397 /* PBXTargetDependency */ = {
			isa = PBXTargetDependency;
			target = 0B2ECC912B296DCF00F74397 /* AnyangMealWatch Watch App */;
			targetProxy = 0B2ECC9D2B296DD100F74397 /* PBXContainerItemProxy */;
		};
/* End PBXTargetDependency section */

/* Begin XCBuildConfiguration section */
		0B2ECCA12B296DD100F74397 /* Debug */ = {
			isa = XCBuildConfiguration;
			buildSettings = {
				ASSETCATALOG_COMPILER_APPICON_NAME = AppIcon;
				ASSETCATALOG_COMPILER_GENERATE_SWIFT_ASSET_SYMBOL_EXTENSIONS = YES;
				ASSETCATALOG_COMPILER_GLOBAL_ACCENT_COLOR_NAME = AccentColor;
				CODE_SIGN_ENTITLEMENTS = "AnyangMealWatch Watch App/AnyangMealWatch Watch App.entitlements";
				CODE_SIGN_STYLE = Automatic;
				CURRENT_PROJECT_VERSION = 1;
				DEVELOPMENT_ASSET_PATHS = "\"AnyangMealWatch Watch App/Preview Content\"";
				DEVELOPMENT_TEAM = Y7F2ZW9QG3;
				ENABLE_PREVIEWS = YES;
				ENABLE_USER_SCRIPT_SANDBOXING = YES;
				GCC_C_LANGUAGE_STANDARD = gnu17;
				GENERATE_INFOPLIST_FILE = YES;
				INFOPLIST_KEY_CFBundleDisplayName = AnyangMealWatch;
				INFOPLIST_KEY_UISupportedInterfaceOrientations = "UIInterfaceOrientationPortrait UIInterfaceOrientationPortraitUpsideDown";
				INFOPLIST_KEY_WKCompanionAppBundleIdentifier = InhoYoo.AnyangMeal;
				LD_RUNPATH_SEARCH_PATHS = (
					"$(inherited)",
					"@executable_path/Frameworks",
				);
				LOCALIZATION_PREFERS_STRING_CATALOGS = YES;
				MARKETING_VERSION = 1.0;
				PRODUCT_BUNDLE_IDENTIFIER = InhoYoo.AnyangMeal.watchkitapp;
				PRODUCT_NAME = "$(TARGET_NAME)";
				SDKROOT = watchos;
				SKIP_INSTALL = YES;
				SWIFT_ACTIVE_COMPILATION_CONDITIONS = "DEBUG $(inherited)";
				SWIFT_EMIT_LOC_STRINGS = YES;
				SWIFT_VERSION = 5.0;
				TARGETED_DEVICE_FAMILY = 4;
				WATCHOS_DEPLOYMENT_TARGET = 9.0;
			};
			name = Debug;
		};
		0B2ECCA22B296DD100F74397 /* Release */ = {
			isa = XCBuildConfiguration;
			buildSettings = {
				ASSETCATALOG_COMPILER_APPICON_NAME = AppIcon;
				ASSETCATALOG_COMPILER_GENERATE_SWIFT_ASSET_SYMBOL_EXTENSIONS = YES;
				ASSETCATALOG_COMPILER_GLOBAL_ACCENT_COLOR_NAME = AccentColor;
				CODE_SIGN_ENTITLEMENTS = "AnyangMealWatch Watch App/AnyangMealWatch Watch App.entitlements";
				CODE_SIGN_STYLE = Automatic;
				CURRENT_PROJECT_VERSION = 1;
				DEVELOPMENT_ASSET_PATHS = "\"AnyangMealWatch Watch App/Preview Content\"";
				DEVELOPMENT_TEAM = Y7F2ZW9QG3;
				ENABLE_PREVIEWS = YES;
				ENABLE_USER_SCRIPT_SANDBOXING = YES;
				GCC_C_LANGUAGE_STANDARD = gnu17;
				GENERATE_INFOPLIST_FILE = YES;
				INFOPLIST_KEY_CFBundleDisplayName = AnyangMealWatch;
				INFOPLIST_KEY_UISupportedInterfaceOrientations = "UIInterfaceOrientationPortrait UIInterfaceOrientationPortraitUpsideDown";
				INFOPLIST_KEY_WKCompanionAppBundleIdentifier = InhoYoo.AnyangMeal;
				LD_RUNPATH_SEARCH_PATHS = (
					"$(inherited)",
					"@executable_path/Frameworks",
				);
				LOCALIZATION_PREFERS_STRING_CATALOGS = YES;
				MARKETING_VERSION = 1.0;
				PRODUCT_BUNDLE_IDENTIFIER = InhoYoo.AnyangMeal.watchkitapp;
				PRODUCT_NAME = "$(TARGET_NAME)";
				SDKROOT = watchos;
				SKIP_INSTALL = YES;
				SWIFT_EMIT_LOC_STRINGS = YES;
				SWIFT_VERSION = 5.0;
				TARGETED_DEVICE_FAMILY = 4;
				WATCHOS_DEPLOYMENT_TARGET = 9.0;
			};
			name = Release;
		};
		0B9C02F52AB44A11002A8FD3 /* Debug */ = {
			isa = XCBuildConfiguration;
			buildSettings = {
				ALWAYS_SEARCH_USER_PATHS = NO;
				ASSETCATALOG_COMPILER_GENERATE_SWIFT_ASSET_SYMBOL_EXTENSIONS = YES;
				CLANG_ANALYZER_NONNULL = YES;
				CLANG_ANALYZER_NUMBER_OBJECT_CONVERSION = YES_AGGRESSIVE;
				CLANG_CXX_LANGUAGE_STANDARD = "gnu++20";
				CLANG_ENABLE_MODULES = YES;
				CLANG_ENABLE_OBJC_ARC = YES;
				CLANG_ENABLE_OBJC_WEAK = YES;
				CLANG_WARN_BLOCK_CAPTURE_AUTORELEASING = YES;
				CLANG_WARN_BOOL_CONVERSION = YES;
				CLANG_WARN_COMMA = YES;
				CLANG_WARN_CONSTANT_CONVERSION = YES;
				CLANG_WARN_DEPRECATED_OBJC_IMPLEMENTATIONS = YES;
				CLANG_WARN_DIRECT_OBJC_ISA_USAGE = YES_ERROR;
				CLANG_WARN_DOCUMENTATION_COMMENTS = YES;
				CLANG_WARN_EMPTY_BODY = YES;
				CLANG_WARN_ENUM_CONVERSION = YES;
				CLANG_WARN_INFINITE_RECURSION = YES;
				CLANG_WARN_INT_CONVERSION = YES;
				CLANG_WARN_NON_LITERAL_NULL_CONVERSION = YES;
				CLANG_WARN_OBJC_IMPLICIT_RETAIN_SELF = YES;
				CLANG_WARN_OBJC_LITERAL_CONVERSION = YES;
				CLANG_WARN_OBJC_ROOT_CLASS = YES_ERROR;
				CLANG_WARN_QUOTED_INCLUDE_IN_FRAMEWORK_HEADER = YES;
				CLANG_WARN_RANGE_LOOP_ANALYSIS = YES;
				CLANG_WARN_STRICT_PROTOTYPES = YES;
				CLANG_WARN_SUSPICIOUS_MOVE = YES;
				CLANG_WARN_UNGUARDED_AVAILABILITY = YES_AGGRESSIVE;
				CLANG_WARN_UNREACHABLE_CODE = YES;
				CLANG_WARN__DUPLICATE_METHOD_MATCH = YES;
				COPY_PHASE_STRIP = NO;
				DEBUG_INFORMATION_FORMAT = dwarf;
				ENABLE_STRICT_OBJC_MSGSEND = YES;
				ENABLE_TESTABILITY = YES;
				GCC_C_LANGUAGE_STANDARD = gnu11;
				GCC_DYNAMIC_NO_PIC = NO;
				GCC_NO_COMMON_BLOCKS = YES;
				GCC_OPTIMIZATION_LEVEL = 0;
				GCC_PREPROCESSOR_DEFINITIONS = (
					"DEBUG=1",
					"$(inherited)",
				);
				GCC_WARN_64_TO_32_BIT_CONVERSION = YES;
				GCC_WARN_ABOUT_RETURN_TYPE = YES_ERROR;
				GCC_WARN_UNDECLARED_SELECTOR = YES;
				GCC_WARN_UNINITIALIZED_AUTOS = YES_AGGRESSIVE;
				GCC_WARN_UNUSED_FUNCTION = YES;
				GCC_WARN_UNUSED_VARIABLE = YES;
				IPHONEOS_DEPLOYMENT_TARGET = 15.0;
				MTL_ENABLE_DEBUG_INFO = INCLUDE_SOURCE;
				MTL_FAST_MATH = YES;
				ONLY_ACTIVE_ARCH = YES;
				SDKROOT = iphoneos;
				SWIFT_ACTIVE_COMPILATION_CONDITIONS = DEBUG;
				SWIFT_OPTIMIZATION_LEVEL = "-Onone";
			};
			name = Debug;
		};
		0B9C02F62AB44A11002A8FD3 /* Release */ = {
			isa = XCBuildConfiguration;
			buildSettings = {
				ALWAYS_SEARCH_USER_PATHS = NO;
				ASSETCATALOG_COMPILER_GENERATE_SWIFT_ASSET_SYMBOL_EXTENSIONS = YES;
				CLANG_ANALYZER_NONNULL = YES;
				CLANG_ANALYZER_NUMBER_OBJECT_CONVERSION = YES_AGGRESSIVE;
				CLANG_CXX_LANGUAGE_STANDARD = "gnu++20";
				CLANG_ENABLE_MODULES = YES;
				CLANG_ENABLE_OBJC_ARC = YES;
				CLANG_ENABLE_OBJC_WEAK = YES;
				CLANG_WARN_BLOCK_CAPTURE_AUTORELEASING = YES;
				CLANG_WARN_BOOL_CONVERSION = YES;
				CLANG_WARN_COMMA = YES;
				CLANG_WARN_CONSTANT_CONVERSION = YES;
				CLANG_WARN_DEPRECATED_OBJC_IMPLEMENTATIONS = YES;
				CLANG_WARN_DIRECT_OBJC_ISA_USAGE = YES_ERROR;
				CLANG_WARN_DOCUMENTATION_COMMENTS = YES;
				CLANG_WARN_EMPTY_BODY = YES;
				CLANG_WARN_ENUM_CONVERSION = YES;
				CLANG_WARN_INFINITE_RECURSION = YES;
				CLANG_WARN_INT_CONVERSION = YES;
				CLANG_WARN_NON_LITERAL_NULL_CONVERSION = YES;
				CLANG_WARN_OBJC_IMPLICIT_RETAIN_SELF = YES;
				CLANG_WARN_OBJC_LITERAL_CONVERSION = YES;
				CLANG_WARN_OBJC_ROOT_CLASS = YES_ERROR;
				CLANG_WARN_QUOTED_INCLUDE_IN_FRAMEWORK_HEADER = YES;
				CLANG_WARN_RANGE_LOOP_ANALYSIS = YES;
				CLANG_WARN_STRICT_PROTOTYPES = YES;
				CLANG_WARN_SUSPICIOUS_MOVE = YES;
				CLANG_WARN_UNGUARDED_AVAILABILITY = YES_AGGRESSIVE;
				CLANG_WARN_UNREACHABLE_CODE = YES;
				CLANG_WARN__DUPLICATE_METHOD_MATCH = YES;
				COPY_PHASE_STRIP = NO;
				DEBUG_INFORMATION_FORMAT = "dwarf-with-dsym";
				ENABLE_NS_ASSERTIONS = NO;
				ENABLE_STRICT_OBJC_MSGSEND = YES;
				GCC_C_LANGUAGE_STANDARD = gnu11;
				GCC_NO_COMMON_BLOCKS = YES;
				GCC_WARN_64_TO_32_BIT_CONVERSION = YES;
				GCC_WARN_ABOUT_RETURN_TYPE = YES_ERROR;
				GCC_WARN_UNDECLARED_SELECTOR = YES;
				GCC_WARN_UNINITIALIZED_AUTOS = YES_AGGRESSIVE;
				GCC_WARN_UNUSED_FUNCTION = YES;
				GCC_WARN_UNUSED_VARIABLE = YES;
				IPHONEOS_DEPLOYMENT_TARGET = 15.0;
				MTL_ENABLE_DEBUG_INFO = NO;
				MTL_FAST_MATH = YES;
				SDKROOT = iphoneos;
				SWIFT_COMPILATION_MODE = wholemodule;
				SWIFT_OPTIMIZATION_LEVEL = "-O";
				VALIDATE_PRODUCT = YES;
			};
			name = Release;
		};
		0B9C02F82AB44A11002A8FD3 /* Debug */ = {
			isa = XCBuildConfiguration;
			buildSettings = {
				ALWAYS_EMBED_SWIFT_STANDARD_LIBRARIES = YES;
				ASSETCATALOG_COMPILER_APPICON_NAME = AppIcon;
				ASSETCATALOG_COMPILER_GLOBAL_ACCENT_COLOR_NAME = AccentColor;
				CODE_SIGN_ENTITLEMENTS = AnyangMeal/AnyangMeal.entitlements;
				CODE_SIGN_STYLE = Automatic;
				CURRENT_PROJECT_VERSION = 2;
				DEVELOPMENT_ASSET_PATHS = "\"AnyangMeal/Preview Content\"";
				DEVELOPMENT_TEAM = Y7F2ZW9QG3;
				ENABLE_PREVIEWS = YES;
				GENERATE_INFOPLIST_FILE = YES;
				INFOPLIST_KEY_CFBundleDisplayName = "아냥식";
				INFOPLIST_KEY_UIApplicationSceneManifest_Generation = YES;
				INFOPLIST_KEY_UIApplicationSupportsIndirectInputEvents = YES;
				INFOPLIST_KEY_UILaunchScreen_Generation = YES;
				INFOPLIST_KEY_UISupportedInterfaceOrientations_iPad = "UIInterfaceOrientationPortrait UIInterfaceOrientationPortraitUpsideDown UIInterfaceOrientationLandscapeLeft UIInterfaceOrientationLandscapeRight";
				INFOPLIST_KEY_UISupportedInterfaceOrientations_iPhone = "UIInterfaceOrientationPortrait UIInterfaceOrientationLandscapeLeft UIInterfaceOrientationLandscapeRight";
				IPHONEOS_DEPLOYMENT_TARGET = 15.0;
				LD_RUNPATH_SEARCH_PATHS = (
					"$(inherited)",
					"@executable_path/Frameworks",
				);
				MARKETING_VERSION = 2.0;
				PRODUCT_BUNDLE_IDENTIFIER = InhoYoo.AnyangMeal;
				PRODUCT_NAME = "$(TARGET_NAME)";
				SWIFT_EMIT_LOC_STRINGS = YES;
				SWIFT_VERSION = 5.0;
				TARGETED_DEVICE_FAMILY = "1,2";
			};
			name = Debug;
		};
		0B9C02F92AB44A11002A8FD3 /* Release */ = {
			isa = XCBuildConfiguration;
			buildSettings = {
				ALWAYS_EMBED_SWIFT_STANDARD_LIBRARIES = YES;
				ASSETCATALOG_COMPILER_APPICON_NAME = AppIcon;
				ASSETCATALOG_COMPILER_GLOBAL_ACCENT_COLOR_NAME = AccentColor;
				CODE_SIGN_ENTITLEMENTS = AnyangMeal/AnyangMeal.entitlements;
				CODE_SIGN_STYLE = Automatic;
				CURRENT_PROJECT_VERSION = 2;
				DEVELOPMENT_ASSET_PATHS = "\"AnyangMeal/Preview Content\"";
				DEVELOPMENT_TEAM = Y7F2ZW9QG3;
				ENABLE_PREVIEWS = YES;
				GENERATE_INFOPLIST_FILE = YES;
				INFOPLIST_KEY_CFBundleDisplayName = "아냥식";
				INFOPLIST_KEY_UIApplicationSceneManifest_Generation = YES;
				INFOPLIST_KEY_UIApplicationSupportsIndirectInputEvents = YES;
				INFOPLIST_KEY_UILaunchScreen_Generation = YES;
				INFOPLIST_KEY_UISupportedInterfaceOrientations_iPad = "UIInterfaceOrientationPortrait UIInterfaceOrientationPortraitUpsideDown UIInterfaceOrientationLandscapeLeft UIInterfaceOrientationLandscapeRight";
				INFOPLIST_KEY_UISupportedInterfaceOrientations_iPhone = "UIInterfaceOrientationPortrait UIInterfaceOrientationLandscapeLeft UIInterfaceOrientationLandscapeRight";
				IPHONEOS_DEPLOYMENT_TARGET = 15.0;
				LD_RUNPATH_SEARCH_PATHS = (
					"$(inherited)",
					"@executable_path/Frameworks",
				);
				MARKETING_VERSION = 2.0;
				PRODUCT_BUNDLE_IDENTIFIER = InhoYoo.AnyangMeal;
				PRODUCT_NAME = "$(TARGET_NAME)";
				SWIFT_EMIT_LOC_STRINGS = YES;
				SWIFT_VERSION = 5.0;
				TARGETED_DEVICE_FAMILY = "1,2";
			};
			name = Release;
		};
/* End XCBuildConfiguration section */

/* Begin XCConfigurationList section */
		0B2ECCA02B296DD100F74397 /* Build configuration list for PBXNativeTarget "AnyangMealWatch Watch App" */ = {
			isa = XCConfigurationList;
			buildConfigurations = (
				0B2ECCA12B296DD100F74397 /* Debug */,
				0B2ECCA22B296DD100F74397 /* Release */,
			);
			defaultConfigurationIsVisible = 0;
			defaultConfigurationName = Release;
		};
		0B9C02E42AB44A10002A8FD3 /* Build configuration list for PBXProject "AnyangMeal" */ = {
			isa = XCConfigurationList;
			buildConfigurations = (
				0B9C02F52AB44A11002A8FD3 /* Debug */,
				0B9C02F62AB44A11002A8FD3 /* Release */,
			);
			defaultConfigurationIsVisible = 0;
			defaultConfigurationName = Release;
		};
		0B9C02F72AB44A11002A8FD3 /* Build configuration list for PBXNativeTarget "AnyangMeal" */ = {
			isa = XCConfigurationList;
			buildConfigurations = (
				0B9C02F82AB44A11002A8FD3 /* Debug */,
				0B9C02F92AB44A11002A8FD3 /* Release */,
			);
			defaultConfigurationIsVisible = 0;
			defaultConfigurationName = Release;
		};
/* End XCConfigurationList section */

/* Begin XCRemoteSwiftPackageReference section */
		0BB6C11A2B73659000D93950 /* XCRemoteSwiftPackageReference "Alamofire" */ = {
			isa = XCRemoteSwiftPackageReference;
			repositoryURL = "https://github.com/Alamofire/Alamofire";
			requirement = {
				kind = upToNextMajorVersion;
				minimumVersion = 5.8.1;
			};
		};
/* End XCRemoteSwiftPackageReference section */

/* Begin XCSwiftPackageProductDependency section */
		0BB6C11B2B73659000D93950 /* Alamofire */ = {
			isa = XCSwiftPackageProductDependency;
			package = 0BB6C11A2B73659000D93950 /* XCRemoteSwiftPackageReference "Alamofire" */;
			productName = Alamofire;
		};
		0BB6C11D2B7365CB00D93950 /* Alamofire */ = {
			isa = XCSwiftPackageProductDependency;
			package = 0BB6C11A2B73659000D93950 /* XCRemoteSwiftPackageReference "Alamofire" */;
			productName = Alamofire;
		};
/* End XCSwiftPackageProductDependency section */
	};
	rootObject = 0B9C02E12AB44A10002A8FD3 /* Project object */;
}
